github.com/bassosimone/deferexit v0.0.0-20260622074722-e5e245b2f690 h1:oVe2mh31suACQwWOfsWPjjlgYPhlkt+4+ya6T5I9x+8=
github.com/bassosimone/deferexit v0.0.0-20260622074722-e5e245b2f690/go.mod h1:7iQMp0iTy0RYH1A+8daroFGoqe4vylEnFG3pHAEjowo=
github.com/bassosimone/dnscodec v0.0.0-20260708085128-509089cc75f8 h1:eyW2CHb+AONK5S6PVUEKlkhPefaPmzj6jJUY0P1lFJs=
github.com/bassosimone/dnscodec v0.0.0-20260708085128-509089cc75f8/go.mod h1:1YKroX0nMC23qPZkYPdmJt8nflSCuZozmcqMIJwC5ug=
github.com/bassosimone/dnsoverhttps v0.0.0-20260708121125-68f80dfaf8c6 h1:NW3AsQk1fo4OW30BelnbsxNEFvk7NMy5cmYEAh11M7Y=
github.com/bassosimone/dnsoverhttps v0.0.0-20260708121125-68f80dfaf8c6/go.mod h1:ZGjxWScgrg3GXwZqEaIq+yq2dvcifGu5UxmwTa0HKgI=
github.com/bassosimone/dnstest v0.0.0-20260708095631-cc76beccfa05 h1:/VbnSU3YN6+0Yga1YNulrKtT2aQrjt85KvBViNBmftQ=
github.com/bassosimone/dnstest v0.0.0-20260708095631-cc76beccfa05/go.mod h1:GxbAKgOpXaZToP3DNlybwFWEv72lFnJWKOqhyMEXbfo=
github.com/bassosimone/flagparser v0.0.0-20260708090239-8563911331ee h1:qXR0g+sj08xgT9yi/WjBBM+QUczDP9osi0yY4/QjSO8=
github.com/bassosimone/flagparser v0.0.0-20260708090239-8563911331ee/go.mod h1:hQe+lhnHj+RTHTby3wV48MtBOnAsNilYehIsXZnOIJ0=
github.com/bassosimone/flagscanner v0.0.0-20260708082732-b5cac5102a3e h1:m6ZgGjFFw8u3Szacktu45e474PiLmm/gJHaeqDKOmI4=
github.com/bassosimone/flagscanner v0.0.0-20260708082732-b5cac5102a3e/go.mod h1:rNk3EiWuBQknQM0tuUa5DK0g7JxcVCLaCyCmnCcDlTk=
github.com/bassosimone/httptestx v0.0.0-20260708091110-917c8526120b h1:k8JIKHJseKZ3/y+UZC8MKntNaXBVV7faSw6KOmWMurU=
github.com/bassosimone/httptestx v0.0.0-20260708091110-917c8526120b/go.mod h1:6aheKZBnRdNldyEROI7j0xn8ZN9BzSG64spEZvXuBFY=
github.com/bassosimone/iotest v0.0.0-20260708091559-c2015e7a62d5 h1:eXz8e316h8PqGljQ673g5qA0ZL3x8IwsDI3rr2Qq8Fc=
github.com/bassosimone/iotest v0.0.0-20260708091559-c2015e7a62d5/go.mod h1:TKMfAIkpNu1xyoVerJjV6Ct2SC6ueOPbJmPYF9c8T4s=
github.com/bassosimone/iox v0.0.0-20260708100622-cd854a34441d h1:pseNyeTkuNHd5AyUvHGIhsABVu8EHNi0TboHlcqDsGQ=
github.com/bassosimone/iox v0.0.0-20260708100622-cd854a34441d/go.mod h1:sPdPWGKjglQ/+mXgFMav1UfvEdKW5a/Ptwm5HPgiDgo=
github.com/bassosimone/iss v0.0.0-20260708123751-f5fe10700960 h1:N4Q/bdjQzG8gLPtqGLUAaYClhYhVHLxYHARvEmHO8Nw=
github.com/bassosimone/iss v0.0.0-20260708123751-f5fe10700960/go.mod h1:N5b2XCOo9PUES+LyYBNgeDl+WRtzClhzTP/RLauowZI=
github.com/bassosimone/minest v0.0.0-20260708122230-473467a4682b h1:idhVZFrMLZQkP3YjgC+ekl/udowf33XvrA5BGIOaWeM=
github.com/bassosimone/minest v0.0.0-20260708122230-473467a4682b/go.mod h1:8DjjDhdKRUeoW/LhuZi59mDzMdnYti+Nj4iGOZP3nt8=
github.com/bassosimone/must v0.0.0-20260708105316-861dd9e8d24d h1:v18NFkxY/tlv9l1foyxGiEwmqs6NMm5I4Zl0HFPNNls=
github.com/bassosimone/must v0.0.0-20260708105316-861dd9e8d24d/go.mod h1:z/yVaoP3mkuHFExPZ2u0QVz01B6C88dYYR/SlrSuLEs=
github.com/bassosimone/netstub v0.0.0-20260708092707-84f2b5087f74 h1:2rJxwp/mYZqqjCriaPGQmR8pKuu30YEJBgXuHk86QwE=
github.com/bassosimone/netstub v0.0.0-20260708092707-84f2b5087f74/go.mod h1:J1RtDq/9g3hJjT6Rp09eXOR87DQelo5PSXyNZ/zz2L4=
github.com/bassosimone/pkitest v0.0.0-20260708093733-a6664538a85c h1:sRWjo+uZ+je04VmBOMCj3JvHyIxZ+g4rVfCO7BOfWs0=
github.com/bassosimone/pkitest v0.0.0-20260708093733-a6664538a85c/go.mod h1:hcIDKHq0KDmARTUpBmDFCPyPfgh/z5tfQdwJ0XYbOs8=
github.com/bassosimone/runtimex v0.0.0-20260708083610-01df83158243 h1:eqkVFAGD50avpsTGPI65++xpau6lWtud+pPhFergzBM=
github.com/bassosimone/runtimex v0.0.0-20260708083610-01df83158243/go.mod h1:GDr46yuJzuDkzOMI1/9Voo3s7VmYBU/6pkuaI5FR7gE=
github.com/bassosimone/textwrap v0.0.0-20260623161521-ecf2c54815db h1:rN1QctJhpbovn64oa/nt5b8fHuFevkXLOw4244XCGKo=
github.com/bassosimone/textwrap v0.0.0-20260623161521-ecf2c54815db/go.mod h1:SroxjmxXkIVaeta+FgkXfDe0NJQ8of3HOTevtTvLsKA=
github.com/bassosimone/uis v0.0.0-20260708111647-82510d606a23 h1:arIrXNHBn0tvp/34TyGjD+ujIuaXS27Kvhdrth+tlbE=
github.com/bassosimone/uis v0.0.0-20260708111647-82510d606a23/go.mod h1:mi/boe0VkJs1Rw1vsgG1vmD62LSBS/Y/vbui0Ygc+Xo=
github.com/bassosimone/vclip v0.0.0-20260708125114-5c8b09a335a1 h1:KB4Yz+1eZLnZll2p5Frxt//HeyFQoDltdN/AmexRL8Q=
github.com/bassosimone/vclip v0.0.0-20260708125114-5c8b09a335a1/go.mod h1:mQPy5Uhg+Q7qrJ4lmLbFMzEgu7tuqtuxhcOZWfjwIWA=
github.com/bassosimone/vflag v0.0.0-20260708122727-2e70ff20f9ce h1:yfwmh/3NxiAuIUHZfsFPMmiWQkSZ8nejCEnuCxMBpXY=
github.com/bassosimone/vflag v0.0.0-20260708122727-2e70ff20f9ce/go.mod h1:l65UUrox43cLMxFenyEsj2YRphINzaBjYveAu6JXLCY=
github.com/davecgh/go-spew v1.1.2-0.20180830191138-d8f796af33cc h1:U9qPSI2PIWSS1VwoXQT9A3Wy9MM3WgvqSxFWenqJduM=
github.com/davecgh/go-spew v1.1.2-0.20180830191138-d8f796af33cc/go.mod h1:J7Y8YcW2NihsgmVo/mv3lAwl/skON4iLHjSsI+c5H38=
github.com/google/btree v1.1.3 h1:CVpQJjYgC4VbzxeGVHfvZrv1ctoYCAI8vbl07Fcxlyg=
github.com/google/btree v1.1.3/go.mod h1:qOPhT0dTNdNzV6Z/lhRX0YXUafgPLFUh+gZMl761Gm4=
github.com/google/go-cmp v0.7.0 h1:wk8382ETsv4JYUZwIsn6YpYiWiBsYLSJiTsyBybVuN8=
github.com/google/go-cmp v0.7.0/go.mod h1:pXiqmnSA92OHEEa9HXL2W4E7lf9JzCmGVUdgjX3N/iU=
github.com/google/gopacket v1.1.19 h1:ves8RnFZPGiFnTS0uPQStjwru6uO6h+nlr9j6fL7kF8=
github.com/google/gopacket v1.1.19/go.mod h1:iJ8V8n6KS+z2U1A8pUwu8bW5SyEMkXJB8Yo/Vo+TKTo=
github.com/kballard/go-shellquote v0.0.0-20180428030007-95032a82bc51 h1:Z9n2FFNUXsshfwJMBgNA0RU6/i7WVaAegv3PtuIHPMs=
github.com/kballard/go-shellquote v0.0.0-20180428030007-95032a82bc51/go.mod h1:CzGEWj7cYgsdH8dAjBGEr58BoE7ScuLd+fwFZ44+/x8=
github.com/miekg/dns v1.1.72 h1:vhmr+TF2A3tuoGNkLDFK9zi36F2LS+hKTRW0Uf8kbzI=
github.com/miekg/dns v1.1.72/go.mod h1:+EuEPhdHOsfk6Wk5TT2CzssZdqkmFhf8r+aVyDEToIs=
github.com/pkg/browser v0.0.0-20240102092130-5ac0b6a4141c h1:+mdjkGKdHQG3305AYmdv1U2eRNDiU2ErMBj1gwrq8eQ=
github.com/pkg/browser v0.0.0-20240102092130-5ac0b6a4141c/go.mod h1:7rwL4CYBLnjLxUqIJNnCWiEdr3bn6IUYi15bNlnbCCU=
github.com/pmezard/go-difflib v1.0.0 h1:4DBwDE0NGyQoBHbLQYPwSUPoCMWR5BEzIk/f1lZbAQM=
github.com/pmezard/go-difflib v1.0.0/go.mod h1:iKH77koFhYxTK1pcRnkKkqfTogsbg7gZNVY4sRDYZ/4=
github.com/quic-go/qpack v0.6.0 h1:g7W+BMYynC1LbYLSqRt8PBg5Tgwxn214ZZR34VIOjz8=
github.com/quic-go/qpack v0.6.0/go.mod h1:lUpLKChi8njB4ty2bFLX2x4gzDqXwUpaO1DP9qMDZII=
github.com/quic-go/quic-go v0.60.0 h1:xcQioE8OM66UQLeUMHltK1CCcOu3JbVB4JAQdDQSB+0=
github.com/quic-go/quic-go v0.60.0/go.mod h1:wpKpjmPpftl30sL6pFh7REVpjbcCVy4zt2vDyK1TuJk=
github.com/rogpeppe/go-internal v1.15.0 h1:D0RCU5rMAp+SpgkiNdrjfJ+LX4J1M32V2NeCY7EJ6hc=
github.com/rogpeppe/go-internal v1.15.0/go.mod h1:DrUVZyrJU+txYW5/1kwtXQSMFio52ZOxX7yM1VHvnxs=
github.com/stretchr/testify v1.11.1 h1:7s2iGBzp5EwR7/aIZr8ao5+dra3wiQyKjjFuvgVKu7U=
github.com/stretchr/testify v1.11.1/go.mod h1:wZwfW3scLgRK+23gO65QZefKpKQRnfz6sD981Nm4B6U=
golang.org/x/crypto v0.0.0-20190308221718-c2843e01d9a2/go.mod h1:djNgcEr1/C05ACkg1iLfiJU5Ep61QUkGW8qpdssI0+w=
golang.org/x/crypto v0.0.0-20191011191535-87dc89f01550/go.mod h1:yigFU9vqHzYiE8UmvKecakEJjdnWj3jj499lnFckfCI=
golang.org/x/crypto v0.55.0 h1:+KWHjbgOaAQ66dh/YlkZKHlz9ZUlq61AFirAR9ntP8M=
golang.org/x/crypto v0.55.0/go.mod h1:uq0V9dE/fzQuJtbnL+2EhWOE63vo164FY8xqEnV9xis=
golang.org/x/exp v0.0.0-20260611194520-c48552f49976 h1:X8Hz2ImujgbmetVuW+w2YkyZChE3cBpZi2P158rTG9M=
golang.org/x/exp v0.0.0-20260611194520-c48552f49976/go.mod h1:vnf4pv9iKZXY58sQE1L86zmNWJ4159e1RkcWiLCkeEY=
golang.org/x/lint v0.0.0-20200302205851-738671d3881b/go.mod h1:3xt1FjdF8hUf6vQPIChWIBhFzV8gjjsPE/fR3IyQdNY=
golang.org/x/mod v0.1.1-0.20191105210325-c90efee705ee/go.mod h1:QqPTAvyqsEbceGzBzNggFXnrqF1CaUcvgkdR5Ot7KZg=
golang.org/x/mod v0.38.0 h1:MECBjubtXD7yj4HrhIUcywNaGeNVUdfVnxmPajOk4yk=
golang.org/x/mod v0.38.0/go.mod h1:V6Xz0pq8TQ3dGqVQ1FVHuelZpAL0uNhSkk9ogYP3c40=
golang.org/x/net v0.0.0-20190404232315-eb5bcb51f2a3/go.mod h1:t9HGtf8HONx5eT2rtn7q6eTqICYqUVnKs3thJo3Qplg=
golang.org/x/net v0.0.0-20190620200207-3b0461eec859/go.mod h1:z5CRVTTTmAJ677TzLLGU+0bjPO0LkuOLi4/5GtJWs/s=
golang.org/x/net v0.57.0 h1:K5+3DljvIuDG9/Jv9rvyMywYNFCQ9RSUY6OOTTkT+tE=
golang.org/x/net v0.57.0/go.mod h1:KpXc8iv+r3XplLAG/f7Jsf9RPszJzdR0f58q9vGOuEU=
golang.org/x/sync v0.0.0-20190423024810-112230192c58/go.mod h1:RxMgew5VJxzue5/jJTE5uejpjVlOe/izrB70Jof72aM=
golang.org/x/sync v0.22.0 h1:SZjpbeLmrCk4xhRSZFNZW5gFUeCeFgjekvI/+gfScek=
golang.org/x/sync v0.22.0/go.mod h1:9xrNwdLfx4jkKbNva9FpL6vEN7evnE43NNNJQ2LF3+0=
golang.org/x/sys v0.0.0-20190215142949-d0b11bdaac8a/go.mod h1:STP8DvDyc/dI5b8T5hshtkjS+E42TnysNCUPdjciGhY=
golang.org/x/sys v0.0.0-20190412213103-97732733099d/go.mod h1:h1NjWce9XRLGQEsW7wpKNCjG9DtNlClVuFLEZdDNbEs=
golang.org/x/sys v0.1.0/go.mod h1:oPkhp1MJrh7nUepCBck5+mAzfO9JrbApNNgaTdGDITg=
golang.org/x/sys v0.47.0 h1:o7XGOvZQCADBQQ4Y7VNq2dRWQR7JmOUW8Kxx4ZsNgWs=
golang.org/x/sys v0.47.0/go.mod h1:4GL1E5IUh+htKOUEOaiffhrAeqysfVGipDYzABqnCmw=
golang.org/x/text v0.3.0/go.mod h1:NqM8EUOU14njkJ3fqMW+pc6Ldnwhi/IjpwHt7yyuwOQ=
golang.org/x/text v0.41.0 h1:vz/seA0lnX87Othu2f/0L24RcgrXD9/YFTSuGjj3rH8=
golang.org/x/text v0.41.0/go.mod h1:jvf1O8ajNzZqhSrQBPbutR/EB83Cc0CFrezNQIwbb5M=
golang.org/x/time v0.15.0 h1:bbrp8t3bGUeFOx08pvsMYRTCVSMk89u4tKbNOZbp88U=
golang.org/x/time v0.15.0/go.mod h1:Y4YMaQmXwGQZoFaVFk4YpCt4FLQMYKZe9oeV/f4MSno=
golang.org/x/tools v0.0.0-20200130002326-2f3ba24bd6e7/go.mod h1:TB2adYChydJhpapKDTa4BR/hXlZSLoq2Wpct/0txZ28=
golang.org/x/tools v0.48.0 h1:3+hClM1aLL5mjMKm5ovokw9epgRXPuu2tILgismM6RE=
golang.org/x/tools v0.48.0/go.mod h1:08xX0orndb/F7jJxGDicx061tyd5pcMto75YMAXr6lk=
golang.org/x/xerrors v0.0.0-20191011141410-1b5146add898/go.mod h1:I/5z698sn9Ka8TeJc9MKroUUfqBBauWjQqLJ2OPfmY0=
gopkg.in/yaml.v3 v3.0.1 h1:fxVm/GzAzEWqLHuvctI91KS9hhNmmWOoWu0XTYJS7CA=
gopkg.in/yaml.v3 v3.0.1/go.mod h1:K4uyk7z7BCEPqu6E+C64Yfv1cQ7kz7rIZviUmN+EgEM=
gvisor.dev/gvisor v0.0.0-20260707220614-138036330864 h1:HH4mMnXmmWZAZHJUp/LXkmFVAToH3CbOSK7y/GHRiVU=
gvisor.dev/gvisor v0.0.0-20260707220614-138036330864/go.mod h1:8aLQqUBHDH8fY5y60lzmwDpMMbQCcT3EBfoSwhfaGCY=
