github.com/bassosimone/deferexit v0.0.0-20260430074002-1397452dfab1 h1:YhQhLDlNCvhLHVZu7Fg5cKyILfha30z+Uw+Fsfi+VCQ=
github.com/bassosimone/deferexit v0.0.0-20260430074002-1397452dfab1/go.mod h1:7iQMp0iTy0RYH1A+8daroFGoqe4vylEnFG3pHAEjowo=
github.com/bassosimone/dnscodec v0.0.0-20260426211622-1c3a8bede978 h1:pCVWvRTedm7kdXHevC5xVugUpaqGX7vjTlATERmYmck=
github.com/bassosimone/dnscodec v0.0.0-20260426211622-1c3a8bede978/go.mod h1:fgM5KpzzFS1acChPm1z6y/Bq2WrNsGSwODVNNeFH5sM=
github.com/bassosimone/dnsoverhttps v0.0.0-20260426221555-f37e14290582 h1:vnOzfTJyQguj0F+kueGvKrGXXu13UdLGVgnwX5Hz4Jo=
github.com/bassosimone/dnsoverhttps v0.0.0-20260426221555-f37e14290582/go.mod h1:3epWy94pkDgRWeN+A6nnQZ/22UsG7ZEnhVxgvMK1AMY=
github.com/bassosimone/dnstest v0.0.0-20260426214552-21e88fb85db8 h1:a42aOfG4HIIUKx83bKnMfWoFOtRqgsDh+z+tyJzSPmY=
github.com/bassosimone/dnstest v0.0.0-20260426214552-21e88fb85db8/go.mod h1:+RFiMEo1/cCSSKWyI7Khxl+JscBUeK5MeODfRXtlWM0=
github.com/bassosimone/flagparser v0.0.0-20260426212133-dbf8a8d57c81 h1:+bNCaZuXOFq3gpQLoOmzeoiPJEnhEftaTSqWcrFxNBg=
github.com/bassosimone/flagparser v0.0.0-20260426212133-dbf8a8d57c81/go.mod h1:JTI528eeYh298ifvp2OY6rsPvLgfL2kL52RvF3IJeIk=
github.com/bassosimone/flagscanner v0.0.0-20260426205602-a02f7a8e1306 h1:dAHiSWR4/QMVcQ3Q6V6Xv+y4F4mxvBuVUlLmGsG0rgY=
github.com/bassosimone/flagscanner v0.0.0-20260426205602-a02f7a8e1306/go.mod h1:rNk3EiWuBQknQM0tuUa5DK0g7JxcVCLaCyCmnCcDlTk=
github.com/bassosimone/httptestx v0.0.0-20260426212535-33dc158163ef h1:52eNWHy1UmnWTCpxYMJoJYNWnM+OtJ42oe4ohY9NVa8=
github.com/bassosimone/httptestx v0.0.0-20260426212535-33dc158163ef/go.mod h1:pxX9BWONZzUuOE2vl/7Z1z+nx2fFwPN736XneARGmPI=
github.com/bassosimone/iotest v0.0.0-20260426212837-fa8b1585cfa5 h1:6dmAN7cOwsQeFq1pzX4ilHHPnvmOSWAjuCi2rd6RDFY=
github.com/bassosimone/iotest v0.0.0-20260426212837-fa8b1585cfa5/go.mod h1:3L7N5GvohVv1F3zd5IQ0olXRLDYIXWW9Mc4eG58Le0w=
github.com/bassosimone/iox v0.0.0-20260426214925-279941bc5e89 h1:titRjKvL9SitgKVt+7Mp11ZclXQrneKKcVprXPQ6Z54=
github.com/bassosimone/iox v0.0.0-20260426214925-279941bc5e89/go.mod h1:jP/E5qYk57gkivq5T8fKbMYLmBZq495fH6BG0BojVkc=
github.com/bassosimone/iss v0.0.0-20260426222944-426aa8ef9f90 h1:Dd2yNlTyOv3o8IVHoE0E0n0fzgGKsWKor2Tlh2CxDXA=
github.com/bassosimone/iss v0.0.0-20260426222944-426aa8ef9f90/go.mod h1:Nv9dcJu87V5F8LM73WUk/5Un7zGlLGHgf1gGIqUD5ho=
github.com/bassosimone/minest v0.0.0-20260426222227-6fb8d662048b h1:CEduU95OlpHAeEAO/w80M8kM4wHKKpuNuKdT+CKmIzo=
github.com/bassosimone/minest v0.0.0-20260426222227-6fb8d662048b/go.mod h1:OaHdw6/YKRGSfTVrY750p2JBdrUfzKtUs7BY/jQF1vs=
github.com/bassosimone/must v0.0.0-20260426215741-e0d3e455627c h1:4cBUSnLelabdK6OAASs77zLuW+cAYtQPs2JlCJtcdQU=
github.com/bassosimone/must v0.0.0-20260426215741-e0d3e455627c/go.mod h1:zg7oris9YN8TcnJoTruwwUrCW4naUHNce8cqsz+Hkcs=
github.com/bassosimone/netstub v0.0.0-20260426213312-fbfe4d63df96 h1:lVv+bEA/rAorljvFSZOB4DxQJcsbI3L/dKYvhLKDSGw=
github.com/bassosimone/netstub v0.0.0-20260426213312-fbfe4d63df96/go.mod h1:rNWlVo7zM9vYN7OQYNsOGawok/8ENhcCBQv4k1ovffA=
github.com/bassosimone/pkitest v0.0.0-20260426214024-1be367af2507 h1:GxSbEEXfU6bIUamyITxs+1YO+4FrvOwIa0Qk5MRzpf8=
github.com/bassosimone/pkitest v0.0.0-20260426214024-1be367af2507/go.mod h1:OwsU0cdyxTPUXN/UTvOyX8Y3iQwXnKUI4MQ4w7LOso0=
github.com/bassosimone/runtimex v0.0.0-20260430082757-ec3a7b516e79 h1:VQxTT57beKhMX5Bcg3YpUArUG9l2zNqAhcjddzFmwSg=
github.com/bassosimone/runtimex v0.0.0-20260430082757-ec3a7b516e79/go.mod h1:GDr46yuJzuDkzOMI1/9Voo3s7VmYBU/6pkuaI5FR7gE=
github.com/bassosimone/textwrap v0.0.0-20260426210759-497ff9a64d39 h1:8kGf0qaGJhRe66rpwnndptI4wV3/tUIEKgjQYhlhN28=
github.com/bassosimone/textwrap v0.0.0-20260426210759-497ff9a64d39/go.mod h1:SroxjmxXkIVaeta+FgkXfDe0NJQ8of3HOTevtTvLsKA=
github.com/bassosimone/uis v0.0.0-20260426220946-d787919141e0 h1:g6CCG9bte1pqHywWzp63cI1UkxutRXq0nAwbOR59Skc=
github.com/bassosimone/uis v0.0.0-20260426220946-d787919141e0/go.mod h1:P7LKfUP+/vhuzckRYc0KSAKvdrdEpihjPhjUQElx+Ac=
github.com/bassosimone/vclip v0.0.0-20260426225308-5c636546ddee h1:Rf1VIZ8s7UXMPoLV7l3WggUR1kycx7Fuc/7D2WblZP0=
github.com/bassosimone/vclip v0.0.0-20260426225308-5c636546ddee/go.mod h1:Rlrsm4Ylwhk7/uQJw5p6yxaPsxt0aW7mE+mWYue+i0g=
github.com/bassosimone/vflag v0.0.0-20260426222617-67f3423bcf90 h1:C4NMjYWQUZEEWuxGhN5x432azRcEzsT5ztlvg8TZ3WI=
github.com/bassosimone/vflag v0.0.0-20260426222617-67f3423bcf90/go.mod h1:ymv1CeQ403dWjzBmxlCmhN6FGFY3py5BBQ9MVUnC40Q=
github.com/davecgh/go-spew v1.1.1 h1:vj9j/u1bqnvCEfJOwUhtlOARqs3+rkHYY13jYWTU97c=
github.com/davecgh/go-spew v1.1.1/go.mod h1:J7Y8YcW2NihsgmVo/mv3lAwl/skON4iLHjSsI+c5H38=
github.com/google/btree v1.1.3 h1:CVpQJjYgC4VbzxeGVHfvZrv1ctoYCAI8vbl07Fcxlyg=
github.com/google/btree v1.1.3/go.mod h1:qOPhT0dTNdNzV6Z/lhRX0YXUafgPLFUh+gZMl761Gm4=
github.com/google/go-cmp v0.7.0 h1:wk8382ETsv4JYUZwIsn6YpYiWiBsYLSJiTsyBybVuN8=
github.com/google/go-cmp v0.7.0/go.mod h1:pXiqmnSA92OHEEa9HXL2W4E7lf9JzCmGVUdgjX3N/iU=
github.com/google/gopacket v1.1.19 h1:ves8RnFZPGiFnTS0uPQStjwru6uO6h+nlr9j6fL7kF8=
github.com/google/gopacket v1.1.19/go.mod h1:iJ8V8n6KS+z2U1A8pUwu8bW5SyEMkXJB8Yo/Vo+TKTo=
github.com/kballard/go-shellquote v0.0.0-20180428030007-95032a82bc51 h1:Z9n2FFNUXsshfwJMBgNA0RU6/i7WVaAegv3PtuIHPMs=
github.com/kballard/go-shellquote v0.0.0-20180428030007-95032a82bc51/go.mod h1:CzGEWj7cYgsdH8dAjBGEr58BoE7ScuLd+fwFZ44+/x8=
github.com/miekg/dns v1.1.72 h1:vhmr+TF2A3tuoGNkLDFK9zi36F2LS+hKTRW0Uf8kbzI=
github.com/miekg/dns v1.1.72/go.mod h1:+EuEPhdHOsfk6Wk5TT2CzssZdqkmFhf8r+aVyDEToIs=
github.com/pkg/browser v0.0.0-20240102092130-5ac0b6a4141c h1:+mdjkGKdHQG3305AYmdv1U2eRNDiU2ErMBj1gwrq8eQ=
github.com/pkg/browser v0.0.0-20240102092130-5ac0b6a4141c/go.mod h1:7rwL4CYBLnjLxUqIJNnCWiEdr3bn6IUYi15bNlnbCCU=
github.com/pmezard/go-difflib v1.0.0 h1:4DBwDE0NGyQoBHbLQYPwSUPoCMWR5BEzIk/f1lZbAQM=
github.com/pmezard/go-difflib v1.0.0/go.mod h1:iKH77koFhYxTK1pcRnkKkqfTogsbg7gZNVY4sRDYZ/4=
github.com/quic-go/qpack v0.6.0 h1:g7W+BMYynC1LbYLSqRt8PBg5Tgwxn214ZZR34VIOjz8=
github.com/quic-go/qpack v0.6.0/go.mod h1:lUpLKChi8njB4ty2bFLX2x4gzDqXwUpaO1DP9qMDZII=
github.com/quic-go/quic-go v0.59.0 h1:OLJkp1Mlm/aS7dpKgTc6cnpynnD2Xg7C1pwL6vy/SAw=
github.com/quic-go/quic-go v0.59.0/go.mod h1:upnsH4Ju1YkqpLXC305eW3yDZ4NfnNbmQRCMWS58IKU=
github.com/rogpeppe/go-internal v1.14.1 h1:UQB4HGPB6osV0SQTLymcB4TgvyWu6ZyliaW0tI/otEQ=
github.com/rogpeppe/go-internal v1.14.1/go.mod h1:MaRKkUm5W0goXpeCfT7UZI6fk/L7L7so1lCWt35ZSgc=
github.com/stretchr/testify v1.11.1 h1:7s2iGBzp5EwR7/aIZr8ao5+dra3wiQyKjjFuvgVKu7U=
github.com/stretchr/testify v1.11.1/go.mod h1:wZwfW3scLgRK+23gO65QZefKpKQRnfz6sD981Nm4B6U=
golang.org/x/crypto v0.0.0-20190308221718-c2843e01d9a2/go.mod h1:djNgcEr1/C05ACkg1iLfiJU5Ep61QUkGW8qpdssI0+w=
golang.org/x/crypto v0.0.0-20191011191535-87dc89f01550/go.mod h1:yigFU9vqHzYiE8UmvKecakEJjdnWj3jj499lnFckfCI=
golang.org/x/crypto v0.50.0 h1:zO47/JPrL6vsNkINmLoo/PH1gcxpls50DNogFvB5ZGI=
golang.org/x/crypto v0.50.0/go.mod h1:3muZ7vA7PBCE6xgPX7nkzzjiUq87kRItoJQM1Yo8S+Q=
golang.org/x/exp v0.0.0-20260410095643-746e56fc9e2f h1:W3F4c+6OLc6H2lb//N1q4WpJkhzJCK5J6kUi1NTVXfM=
golang.org/x/exp v0.0.0-20260410095643-746e56fc9e2f/go.mod h1:J1xhfL/vlindoeF/aINzNzt2Bket5bjo9sdOYzOsU80=
golang.org/x/lint v0.0.0-20200302205851-738671d3881b/go.mod h1:3xt1FjdF8hUf6vQPIChWIBhFzV8gjjsPE/fR3IyQdNY=
golang.org/x/mod v0.1.1-0.20191105210325-c90efee705ee/go.mod h1:QqPTAvyqsEbceGzBzNggFXnrqF1CaUcvgkdR5Ot7KZg=
golang.org/x/mod v0.35.0 h1:Ww1D637e6Pg+Zb2KrWfHQUnH2dQRLBQyAtpr/haaJeM=
golang.org/x/mod v0.35.0/go.mod h1:+GwiRhIInF8wPm+4AoT6L0FA1QWAad3OMdTRx4tFYlU=
golang.org/x/net v0.0.0-20190404232315-eb5bcb51f2a3/go.mod h1:t9HGtf8HONx5eT2rtn7q6eTqICYqUVnKs3thJo3Qplg=
golang.org/x/net v0.0.0-20190620200207-3b0461eec859/go.mod h1:z5CRVTTTmAJ677TzLLGU+0bjPO0LkuOLi4/5GtJWs/s=
golang.org/x/net v0.53.0 h1:d+qAbo5L0orcWAr0a9JweQpjXF19LMXJE8Ey7hwOdUA=
golang.org/x/net v0.53.0/go.mod h1:JvMuJH7rrdiCfbeHoo3fCQU24Lf5JJwT9W3sJFulfgs=
golang.org/x/sync v0.0.0-20190423024810-112230192c58/go.mod h1:RxMgew5VJxzue5/jJTE5uejpjVlOe/izrB70Jof72aM=
golang.org/x/sync v0.20.0 h1:e0PTpb7pjO8GAtTs2dQ6jYa5BWYlMuX047Dco/pItO4=
golang.org/x/sync v0.20.0/go.mod h1:9xrNwdLfx4jkKbNva9FpL6vEN7evnE43NNNJQ2LF3+0=
golang.org/x/sys v0.0.0-20190215142949-d0b11bdaac8a/go.mod h1:STP8DvDyc/dI5b8T5hshtkjS+E42TnysNCUPdjciGhY=
golang.org/x/sys v0.0.0-20190412213103-97732733099d/go.mod h1:h1NjWce9XRLGQEsW7wpKNCjG9DtNlClVuFLEZdDNbEs=
golang.org/x/sys v0.1.0/go.mod h1:oPkhp1MJrh7nUepCBck5+mAzfO9JrbApNNgaTdGDITg=
golang.org/x/sys v0.43.0 h1:Rlag2XtaFTxp19wS8MXlJwTvoh8ArU6ezoyFsMyCTNI=
golang.org/x/sys v0.43.0/go.mod h1:4GL1E5IUh+htKOUEOaiffhrAeqysfVGipDYzABqnCmw=
golang.org/x/text v0.3.0/go.mod h1:NqM8EUOU14njkJ3fqMW+pc6Ldnwhi/IjpwHt7yyuwOQ=
golang.org/x/text v0.36.0 h1:JfKh3XmcRPqZPKevfXVpI1wXPTqbkE5f7JA92a55Yxg=
golang.org/x/text v0.36.0/go.mod h1:NIdBknypM8iqVmPiuco0Dh6P5Jcdk8lJL0CUebqK164=
golang.org/x/time v0.15.0 h1:bbrp8t3bGUeFOx08pvsMYRTCVSMk89u4tKbNOZbp88U=
golang.org/x/time v0.15.0/go.mod h1:Y4YMaQmXwGQZoFaVFk4YpCt4FLQMYKZe9oeV/f4MSno=
golang.org/x/tools v0.0.0-20200130002326-2f3ba24bd6e7/go.mod h1:TB2adYChydJhpapKDTa4BR/hXlZSLoq2Wpct/0txZ28=
golang.org/x/tools v0.44.0 h1:UP4ajHPIcuMjT1GqzDWRlalUEoY+uzoZKnhOjbIPD2c=
golang.org/x/tools v0.44.0/go.mod h1:KA0AfVErSdxRZIsOVipbv3rQhVXTnlU6UhKxHd1seDI=
golang.org/x/xerrors v0.0.0-20191011141410-1b5146add898/go.mod h1:I/5z698sn9Ka8TeJc9MKroUUfqBBauWjQqLJ2OPfmY0=
gopkg.in/yaml.v3 v3.0.1 h1:fxVm/GzAzEWqLHuvctI91KS9hhNmmWOoWu0XTYJS7CA=
gopkg.in/yaml.v3 v3.0.1/go.mod h1:K4uyk7z7BCEPqu6E+C64Yfv1cQ7kz7rIZviUmN+EgEM=
gvisor.dev/gvisor v0.0.0-20260424223757-190f2cb4c65a h1:2RMavxrJ0lVzLKc2/nNE9HI2XSMunqhlI8vcn7PlElY=
gvisor.dev/gvisor v0.0.0-20260424223757-190f2cb4c65a/go.mod h1:xQ2PWgHmWJA/Ph4i1q1jBm39BKhc3W0DXqWoDSyuBOY=
